
Microsoft Visual Studio Solution File, Format Version 12.00
# Visual Studio 14
VisualStudioVersion = 14.0.23107.0
MinimumVisualStudioVersion = 10.0.40219.1
Project("{2150E333-8FDC-42A3-9474-1A3956D46DE8}") = "Library", "Library", "{7B695AB5-D38B-42A3-9D4B-3FB94B343AC7}"
EndProject
Project("{2150E333-8FDC-42A3-9474-1A3956D46DE8}") = "Modules", "Modules", "{0555ECAB-0D97-44BA-8A89-CE72C2EB2463}"
EndProject
Project("{2150E333-8FDC-42A3-9474-1A3956D46DE8}") = "Sample", "Sample", "{2827767F-28A7-43BF-AF11-468020EB7802}"
EndProject
Project("{2150E333-8FDC-42A3-9474-1A3956D46DE8}") = "ThirdPartyLibrary", "ThirdPartyLibrary", "{B47E1551-C801-4B7F-9AA5-BFA034E2B482}"
EndProject
Project("{8BC9CEB8-8B4A-11D0-8D11-00A0C91BC942}") = "Base64", "Library\Base64\Base64.vcxproj", "{489A403E-10E5-49B2-8A45-6DB64866448B}"
EndProject
Project("{8BC9CEB8-8B4A-11D0-8D11-00A0C91BC942}") = "cJSON", "Library\cJSON\cJSON.vcxproj", "{C15929AA-2406-4764-842F-839E6B3F17FC}"
EndProject
Project("{8BC9CEB8-8B4A-11D0-8D11-00A0C91BC942}") = "DES", "Library\DES\DES.vcxproj", "{67656923-8CCA-4B33-B645-13C0CDA61D85}"
EndProject
Project("{8BC9CEB8-8B4A-11D0-8D11-00A0C91BC942}") = "Log", "Library\Log\Log.vcxproj", "{D807F1C9-38AD-44D1-8543-D2FB7808717E}"
EndProject
Project("{8BC9CEB8-8B4A-11D0-8D11-00A0C91BC942}") = "MD5", "Library\MD5\MD5.vcxproj", "{AA41EFD7-6AE4-4D5B-96CA-4907BF9B0CCC}"
EndProject
Project("{8BC9CEB8-8B4A-11D0-8D11-00A0C91BC942}") = "MessageGenerator", "Library\MessageGenerator\MessageGenerator.vcxproj", "{EBC92C04-37FF-42FF-B535-E9862CBE9D07}"
EndProject
Project("{8BC9CEB8-8B4A-11D0-8D11-00A0C91BC942}") = "SAManager", "Library\SAManager\SAManager.vcxproj", "{21A4C154-4826-4A16-ADEA-AA24C69EC53A}"
	ProjectSection(ProjectDependencies) = postProject
		{243E8ED0-58CF-4322-BB7D-D52E70352608} = {243E8ED0-58CF-4322-BB7D-D52E70352608}
	EndProjectSection
EndProject
Project("{8BC9CEB8-8B4A-11D0-8D11-00A0C91BC942}") = "SQFlashHelper", "Library\SQFlashHelper\SQFlashHelper.vcxproj", "{D3F647C2-0CB1-41D3-94E0-726BA5CC018A}"
EndProject
Project("{8BC9CEB8-8B4A-11D0-8D11-00A0C91BC942}") = "SUSIHelper", "Library\SUSIHelper\SUSIHelper.vcxproj", "{B032F7B3-EEB5-4997-921E-9923E3552F66}"
EndProject
Project("{8BC9CEB8-8B4A-11D0-8D11-00A0C91BC942}") = "FtpHelper", "Library\FtpHelper\FtpHelper.vcxproj", "{8E375E7A-9A5E-4FEA-971A-96ACA3257505}"
	ProjectSection(ProjectDependencies) = postProject
		{DA6F56B4-06A4-441D-AD70-AC5A7D51FADB} = {DA6F56B4-06A4-441D-AD70-AC5A7D51FADB}
	EndProjectSection
EndProject
Project("{8BC9CEB8-8B4A-11D0-8D11-00A0C91BC942}") = "SAConfig", "Library\SAConfig\SAConfig.vcxproj", "{3A8E7D4F-46D7-4000-A910-3D0094DF18C2}"
	ProjectSection(ProjectDependencies) = postProject
		{243E8ED0-58CF-4322-BB7D-D52E70352608} = {243E8ED0-58CF-4322-BB7D-D52E70352608}
	EndProjectSection
EndProject
Project("{8BC9CEB8-8B4A-11D0-8D11-00A0C91BC942}") = "SAHandlerLoader", "Library\SAHandlerLoader\SAHandlerLoader.vcxproj", "{0B7676E1-4FAD-4F60-920A-A6F87C2C0C5B}"
	ProjectSection(ProjectDependencies) = postProject
		{243E8ED0-58CF-4322-BB7D-D52E70352608} = {243E8ED0-58CF-4322-BB7D-D52E70352608}
	EndProjectSection
EndProject
Project("{8BC9CEB8-8B4A-11D0-8D11-00A0C91BC942}") = "libcurl", "Library3rdParty\curl-7.37.1\projects\Windows\VC14.iotcore\lib\libcurl.vcxproj", "{DA6F56B4-06A4-441D-AD70-AC5A7D51FADB}"
EndProject
Project("{8BC9CEB8-8B4A-11D0-8D11-00A0C91BC942}") = "libmosquitto", "Library3rdParty\mosquitto-1.3.4\win32\lib\libmosquitto.vcxproj", "{C5D3DF4D-7FFD-4AB7-95D8-8BF4AC50F915}"
	ProjectSection(ProjectDependencies) = postProject
		{243E8ED0-58CF-4322-BB7D-D52E70352608} = {243E8ED0-58CF-4322-BB7D-D52E70352608}
		{6712FEE6-2E19-49ED-9B88-9C3961F0B748} = {6712FEE6-2E19-49ED-9B88-9C3961F0B748}
	EndProjectSection
EndProject
Project("{8BC9CEB8-8B4A-11D0-8D11-00A0C91BC942}") = "winsysstub", "Library3rdParty\winsysstub.winiotcore\VC2015\winsysstub.vcxproj", "{243E8ED0-58CF-4322-BB7D-D52E70352608}"
EndProject
Project("{8BC9CEB8-8B4A-11D0-8D11-00A0C91BC942}") = "winstaticstub", "Library3rdParty\winstaticstub.winiotcore\VC2015\winstaticstub.vcxproj", "{6712FEE6-2E19-49ED-9B88-9C3961F0B748}"
EndProject
Global
	GlobalSection(SolutionConfigurationPlatforms) = preSolution
		Debug|x86 = Debug|x86
		Release|x86 = Release|x86
	EndGlobalSection
	GlobalSection(ProjectConfigurationPlatforms) = postSolution
		{489A403E-10E5-49B2-8A45-6DB64866448B}.Debug|x86.ActiveCfg = Debug|Win32
		{489A403E-10E5-49B2-8A45-6DB64866448B}.Debug|x86.Build.0 = Debug|Win32
		{489A403E-10E5-49B2-8A45-6DB64866448B}.Release|x86.ActiveCfg = Release|Win32
		{489A403E-10E5-49B2-8A45-6DB64866448B}.Release|x86.Build.0 = Release|Win32
		{C15929AA-2406-4764-842F-839E6B3F17FC}.Debug|x86.ActiveCfg = Debug|Win32
		{C15929AA-2406-4764-842F-839E6B3F17FC}.Debug|x86.Build.0 = Debug|Win32
		{C15929AA-2406-4764-842F-839E6B3F17FC}.Release|x86.ActiveCfg = Release|Win32
		{C15929AA-2406-4764-842F-839E6B3F17FC}.Release|x86.Build.0 = Release|Win32
		{67656923-8CCA-4B33-B645-13C0CDA61D85}.Debug|x86.ActiveCfg = Debug|Win32
		{67656923-8CCA-4B33-B645-13C0CDA61D85}.Debug|x86.Build.0 = Debug|Win32
		{67656923-8CCA-4B33-B645-13C0CDA61D85}.Release|x86.ActiveCfg = Release|Win32
		{67656923-8CCA-4B33-B645-13C0CDA61D85}.Release|x86.Build.0 = Release|Win32
		{D807F1C9-38AD-44D1-8543-D2FB7808717E}.Debug|x86.ActiveCfg = Debug|Win32
		{D807F1C9-38AD-44D1-8543-D2FB7808717E}.Debug|x86.Build.0 = Debug|Win32
		{D807F1C9-38AD-44D1-8543-D2FB7808717E}.Release|x86.ActiveCfg = Release|Win32
		{D807F1C9-38AD-44D1-8543-D2FB7808717E}.Release|x86.Build.0 = Release|Win32
		{AA41EFD7-6AE4-4D5B-96CA-4907BF9B0CCC}.Debug|x86.ActiveCfg = Debug|Win32
		{AA41EFD7-6AE4-4D5B-96CA-4907BF9B0CCC}.Debug|x86.Build.0 = Debug|Win32
		{AA41EFD7-6AE4-4D5B-96CA-4907BF9B0CCC}.Release|x86.ActiveCfg = Release|Win32
		{AA41EFD7-6AE4-4D5B-96CA-4907BF9B0CCC}.Release|x86.Build.0 = Release|Win32
		{EBC92C04-37FF-42FF-B535-E9862CBE9D07}.Debug|x86.ActiveCfg = Debug|Win32
		{EBC92C04-37FF-42FF-B535-E9862CBE9D07}.Debug|x86.Build.0 = Debug|Win32
		{EBC92C04-37FF-42FF-B535-E9862CBE9D07}.Release|x86.ActiveCfg = Release|Win32
		{EBC92C04-37FF-42FF-B535-E9862CBE9D07}.Release|x86.Build.0 = Release|Win32
		{21A4C154-4826-4A16-ADEA-AA24C69EC53A}.Debug|x86.ActiveCfg = Debug|Win32
		{21A4C154-4826-4A16-ADEA-AA24C69EC53A}.Debug|x86.Build.0 = Debug|Win32
		{21A4C154-4826-4A16-ADEA-AA24C69EC53A}.Release|x86.ActiveCfg = Release|Win32
		{21A4C154-4826-4A16-ADEA-AA24C69EC53A}.Release|x86.Build.0 = Release|Win32
		{D3F647C2-0CB1-41D3-94E0-726BA5CC018A}.Debug|x86.ActiveCfg = Debug|Win32
		{D3F647C2-0CB1-41D3-94E0-726BA5CC018A}.Debug|x86.Build.0 = Debug|Win32
		{D3F647C2-0CB1-41D3-94E0-726BA5CC018A}.Release|x86.ActiveCfg = Release|Win32
		{D3F647C2-0CB1-41D3-94E0-726BA5CC018A}.Release|x86.Build.0 = Release|Win32
		{B032F7B3-EEB5-4997-921E-9923E3552F66}.Debug|x86.ActiveCfg = Debug|Win32
		{B032F7B3-EEB5-4997-921E-9923E3552F66}.Debug|x86.Build.0 = Debug|Win32
		{B032F7B3-EEB5-4997-921E-9923E3552F66}.Release|x86.ActiveCfg = Release|Win32
		{B032F7B3-EEB5-4997-921E-9923E3552F66}.Release|x86.Build.0 = Release|Win32
		{8E375E7A-9A5E-4FEA-971A-96ACA3257505}.Debug|x86.ActiveCfg = Debug|Win32
		{8E375E7A-9A5E-4FEA-971A-96ACA3257505}.Debug|x86.Build.0 = Debug|Win32
		{8E375E7A-9A5E-4FEA-971A-96ACA3257505}.Release|x86.ActiveCfg = Release|Win32
		{8E375E7A-9A5E-4FEA-971A-96ACA3257505}.Release|x86.Build.0 = Release|Win32
		{3A8E7D4F-46D7-4000-A910-3D0094DF18C2}.Debug|x86.ActiveCfg = Debug|Win32
		{3A8E7D4F-46D7-4000-A910-3D0094DF18C2}.Debug|x86.Build.0 = Debug|Win32
		{3A8E7D4F-46D7-4000-A910-3D0094DF18C2}.Release|x86.ActiveCfg = Release|Win32
		{3A8E7D4F-46D7-4000-A910-3D0094DF18C2}.Release|x86.Build.0 = Release|Win32
		{0B7676E1-4FAD-4F60-920A-A6F87C2C0C5B}.Debug|x86.ActiveCfg = Debug|Win32
		{0B7676E1-4FAD-4F60-920A-A6F87C2C0C5B}.Debug|x86.Build.0 = Debug|Win32
		{0B7676E1-4FAD-4F60-920A-A6F87C2C0C5B}.Release|x86.ActiveCfg = Release|Win32
		{0B7676E1-4FAD-4F60-920A-A6F87C2C0C5B}.Release|x86.Build.0 = Release|Win32
		{DA6F56B4-06A4-441D-AD70-AC5A7D51FADB}.Debug|x86.ActiveCfg = Debug|Win32
		{DA6F56B4-06A4-441D-AD70-AC5A7D51FADB}.Debug|x86.Build.0 = Debug|Win32
		{DA6F56B4-06A4-441D-AD70-AC5A7D51FADB}.Release|x86.ActiveCfg = Release|Win32
		{DA6F56B4-06A4-441D-AD70-AC5A7D51FADB}.Release|x86.Build.0 = Release|Win32
		{C5D3DF4D-7FFD-4AB7-95D8-8BF4AC50F915}.Debug|x86.ActiveCfg = Debug|Win32
		{C5D3DF4D-7FFD-4AB7-95D8-8BF4AC50F915}.Debug|x86.Build.0 = Debug|Win32
		{C5D3DF4D-7FFD-4AB7-95D8-8BF4AC50F915}.Release|x86.ActiveCfg = Release|Win32
		{C5D3DF4D-7FFD-4AB7-95D8-8BF4AC50F915}.Release|x86.Build.0 = Release|Win32
		{243E8ED0-58CF-4322-BB7D-D52E70352608}.Debug|x86.ActiveCfg = Debug|Win32
		{243E8ED0-58CF-4322-BB7D-D52E70352608}.Debug|x86.Build.0 = Debug|Win32
		{243E8ED0-58CF-4322-BB7D-D52E70352608}.Release|x86.ActiveCfg = Release|Win32
		{243E8ED0-58CF-4322-BB7D-D52E70352608}.Release|x86.Build.0 = Release|Win32
		{6712FEE6-2E19-49ED-9B88-9C3961F0B748}.Debug|x86.ActiveCfg = Debug|Win32
		{6712FEE6-2E19-49ED-9B88-9C3961F0B748}.Debug|x86.Build.0 = Debug|Win32
		{6712FEE6-2E19-49ED-9B88-9C3961F0B748}.Release|x86.ActiveCfg = Release|Win32
		{6712FEE6-2E19-49ED-9B88-9C3961F0B748}.Release|x86.Build.0 = Release|Win32
	EndGlobalSection
	GlobalSection(SolutionProperties) = preSolution
		HideSolutionNode = FALSE
	EndGlobalSection
	GlobalSection(NestedProjects) = preSolution
		{489A403E-10E5-49B2-8A45-6DB64866448B} = {7B695AB5-D38B-42A3-9D4B-3FB94B343AC7}
		{C15929AA-2406-4764-842F-839E6B3F17FC} = {7B695AB5-D38B-42A3-9D4B-3FB94B343AC7}
		{67656923-8CCA-4B33-B645-13C0CDA61D85} = {7B695AB5-D38B-42A3-9D4B-3FB94B343AC7}
		{D807F1C9-38AD-44D1-8543-D2FB7808717E} = {7B695AB5-D38B-42A3-9D4B-3FB94B343AC7}
		{AA41EFD7-6AE4-4D5B-96CA-4907BF9B0CCC} = {7B695AB5-D38B-42A3-9D4B-3FB94B343AC7}
		{EBC92C04-37FF-42FF-B535-E9862CBE9D07} = {7B695AB5-D38B-42A3-9D4B-3FB94B343AC7}
		{21A4C154-4826-4A16-ADEA-AA24C69EC53A} = {7B695AB5-D38B-42A3-9D4B-3FB94B343AC7}
		{D3F647C2-0CB1-41D3-94E0-726BA5CC018A} = {7B695AB5-D38B-42A3-9D4B-3FB94B343AC7}
		{B032F7B3-EEB5-4997-921E-9923E3552F66} = {7B695AB5-D38B-42A3-9D4B-3FB94B343AC7}
		{8E375E7A-9A5E-4FEA-971A-96ACA3257505} = {7B695AB5-D38B-42A3-9D4B-3FB94B343AC7}
		{3A8E7D4F-46D7-4000-A910-3D0094DF18C2} = {7B695AB5-D38B-42A3-9D4B-3FB94B343AC7}
		{0B7676E1-4FAD-4F60-920A-A6F87C2C0C5B} = {7B695AB5-D38B-42A3-9D4B-3FB94B343AC7}
		{DA6F56B4-06A4-441D-AD70-AC5A7D51FADB} = {B47E1551-C801-4B7F-9AA5-BFA034E2B482}
		{C5D3DF4D-7FFD-4AB7-95D8-8BF4AC50F915} = {B47E1551-C801-4B7F-9AA5-BFA034E2B482}
		{243E8ED0-58CF-4322-BB7D-D52E70352608} = {B47E1551-C801-4B7F-9AA5-BFA034E2B482}
		{6712FEE6-2E19-49ED-9B88-9C3961F0B748} = {B47E1551-C801-4B7F-9AA5-BFA034E2B482}
	EndGlobalSection
EndGlobal
